// !$*UTF8*$!
{
	archiveVersion = 1;
	classes = {
	};
	objectVersion = 55;
	objects = {

/* Begin PBXBuildFile section */
		18A0E0AF28C9A303002A5A29 /* AppDelegate.swift in Sources */ = {isa = PBXBuildFile; fileRef = 18A0E0AE28C9A303002A5A29 /* AppDelegate.swift */; };
		18A0E0B328C9A303002A5A29 /* CitiesListVC.swift in Sources */ = {isa = PBXBuildFile; fileRef = 18A0E0B228C9A303002A5A29 /* CitiesListVC.swift */; };
		18A0E0B628C9A303002A5A29 /* Main.storyboard in Resources */ = {isa = PBXBuildFile; fileRef = 18A0E0B428C9A303002A5A29 /* Main.storyboard */; };
		18A0E0B828C9A304002A5A29 /* Assets.xcassets in Resources */ = {isa = PBXBuildFile; fileRef = 18A0E0B728C9A304002A5A29 /* Assets.xcassets */; };
		18A0E0BB28C9A304002A5A29 /* LaunchScreen.storyboard in Resources */ = {isa = PBXBuildFile; fileRef = 18A0E0B928C9A304002A5A29 /* LaunchScreen.storyboard */; };
		18A0E0C628C9A304002A5A29 /* UltivicTaskTests.swift in Sources */ = {isa = PBXBuildFile; fileRef = 18A0E0C528C9A304002A5A29 /* UltivicTaskTests.swift */; };
		18A0E0D028C9A304002A5A29 /* UltivicTaskUITests.swift in Sources */ = {isa = PBXBuildFile; fileRef = 18A0E0CF28C9A304002A5A29 /* UltivicTaskUITests.swift */; };
		18A0E0D228C9A304002A5A29 /* UltivicTaskUITestsLaunchTests.swift in Sources */ = {isa = PBXBuildFile; fileRef = 18A0E0D128C9A304002A5A29 /* UltivicTaskUITestsLaunchTests.swift */; };
		18A0E0DF28C9A49A002A5A29 /* Extension.swift in Sources */ = {isa = PBXBuildFile; fileRef = 18A0E0DE28C9A49A002A5A29 /* Extension.swift */; };
		18A0E0E128C9A8EB002A5A29 /* cities-name-list.json in Resources */ = {isa = PBXBuildFile; fileRef = 18A0E0E028C9A8EB002A5A29 /* cities-name-list.json */; };
		18A0E0E328C9A93E002A5A29 /* CityTVC.swift in Sources */ = {isa = PBXBuildFile; fileRef = 18A0E0E228C9A93E002A5A29 /* CityTVC.swift */; };
/* End PBXBuildFile section */

/* Begin PBXContainerItemProxy section */
		18A0E0C228C9A304002A5A29 /* PBXContainerItemProxy */ = {
			isa = PBXContainerItemProxy;
			containerPortal = 18A0E0A328C9A303002A5A29 /* Project object */;
			proxyType = 1;
			remoteGlobalIDString = 18A0E0AA28C9A303002A5A29;
			remoteInfo = UltivicTask;
		};
		18A0E0CC28C9A304002A5A29 /* PBXContainerItemProxy */ = {
			isa = PBXContainerItemProxy;
			containerPortal = 18A0E0A328C9A303002A5A29 /* Project object */;
			proxyType = 1;
			remoteGlobalIDString = 18A0E0AA28C9A303002A5A29;
			remoteInfo = UltivicTask;
		};
/* End PBXContainerItemProxy section */

/* Begin PBXFileReference section */
		18A0E0AB28C9A303002A5A29 /* UltivicTask.app */ = {isa = PBXFileReference; explicitFileType = wrapper.application; includeInIndex = 0; path = UltivicTask.app; sourceTree = BUILT_PRODUCTS_DIR; };
		18A0E0AE28C9A303002A5A29 /* AppDelegate.swift */ = {isa = PBXFileReference; lastKnownFileType = sourcecode.swift; path = AppDelegate.swift; sourceTree = "<group>"; };
		18A0E0B228C9A303002A5A29 /* CitiesListVC.swift */ = {isa = PBXFileReference; lastKnownFileType = sourcecode.swift; path = CitiesListVC.swift; sourceTree = "<group>"; };
		18A0E0B528C9A303002A5A29 /* Base */ = {isa = PBXFileReference; lastKnownFileType = file.storyboard; name = Base; path = Base.lproj/Main.storyboard; sourceTree = "<group>"; };
		18A0E0B728C9A304002A5A29 /* Assets.xcassets */ = {isa = PBXFileReference; lastKnownFileType = folder.assetcatalog; path = Assets.xcassets; sourceTree = "<group>"; };
		18A0E0BA28C9A304002A5A29 /* Base */ = {isa = PBXFileReference; lastKnownFileType = file.storyboard; name = Base; path = Base.lproj/LaunchScreen.storyboard; sourceTree = "<group>"; };
		18A0E0BC28C9A304002A5A29 /* Info.plist */ = {isa = PBXFileReference; lastKnownFileType = text.plist.xml; path = Info.plist; sourceTree = "<group>"; };
		18A0E0C128C9A304002A5A29 /* UltivicTaskTests.xctest */ = {isa = PBXFileReference; explicitFileType = wrapper.cfbundle; includeInIndex = 0; path = UltivicTaskTests.xctest; sourceTree = BUILT_PRODUCTS_DIR; };
		18A0E0C528C9A304002A5A29 /* UltivicTaskTests.swift */ = {isa = PBXFileReference; lastKnownFileType = sourcecode.swift; path = UltivicTaskTests.swift; sourceTree = "<group>"; };
		18A0E0CB28C9A304002A5A29 /* UltivicTaskUITests.xctest */ = {isa = PBXFileReference; explicitFileType = wrapper.cfbundle; includeInIndex = 0; path = UltivicTaskUITests.xctest; sourceTree = BUILT_PRODUCTS_DIR; };
		18A0E0CF28C9A304002A5A29 /* UltivicTaskUITests.swift */ = {isa = PBXFileReference; lastKnownFileType = sourcecode.swift; path = UltivicTaskUITests.swift; sourceTree = "<group>"; };
		18A0E0D128C9A304002A5A29 /* UltivicTaskUITestsLaunchTests.swift */ = {isa = PBXFileReference; lastKnownFileType = sourcecode.swift; path = UltivicTaskUITestsLaunchTests.swift; sourceTree = "<group>"; };
		18A0E0DE28C9A49A002A5A29 /* Extension.swift */ = {isa = PBXFileReference; lastKnownFileType = sourcecode.swift; path = Extension.swift; sourceTree = "<group>"; };
		18A0E0E028C9A8EB002A5A29 /* cities-name-list.json */ = {isa = PBXFileReference; fileEncoding = 4; lastKnownFileType = text.json; path = "cities-name-list.json"; sourceTree = "<group>"; };
		18A0E0E228C9A93E002A5A29 /* CityTVC.swift */ = {isa = PBXFileReference; lastKnownFileType = sourcecode.swift; path = CityTVC.swift; sourceTree = "<group>"; };
/* End PBXFileReference section */

/* Begin PBXFrameworksBuildPhase section */
		18A0E0A828C9A303002A5A29 /* Frameworks */ = {
			isa = PBXFrameworksBuildPhase;
			buildActionMask = 2147483647;
			files = (
			);
			runOnlyForDeploymentPostprocessing = 0;
		};
		18A0E0BE28C9A304002A5A29 /* Frameworks */ = {
			isa = PBXFrameworksBuildPhase;
			buildActionMask = 2147483647;
			files = (
			);
			runOnlyForDeploymentPostprocessing = 0;
		};
		18A0E0C828C9A304002A5A29 /* Frameworks */ = {
			isa = PBXFrameworksBuildPhase;
			buildActionMask = 2147483647;
			files = (
			);
			runOnlyForDeploymentPostprocessing = 0;
		};
/* End PBXFrameworksBuildPhase section */

/* Begin PBXGroup section */
		18A0E0A228C9A303002A5A29 = {
			isa = PBXGroup;
			children = (
				18A0E0AD28C9A303002A5A29 /* UltivicTask */,
				18A0E0C428C9A304002A5A29 /* UltivicTaskTests */,
				18A0E0CE28C9A304002A5A29 /* UltivicTaskUITests */,
				18A0E0AC28C9A303002A5A29 /* Products */,
			);
			sourceTree = "<group>";
		};
		18A0E0AC28C9A303002A5A29 /* Products */ = {
			isa = PBXGroup;
			children = (
				18A0E0AB28C9A303002A5A29 /* UltivicTask.app */,
				18A0E0C128C9A304002A5A29 /* UltivicTaskTests.xctest */,
				18A0E0CB28C9A304002A5A29 /* UltivicTaskUITests.xctest */,
			);
			name = Products;
			sourceTree = "<group>";
		};
		18A0E0AD28C9A303002A5A29 /* UltivicTask */ = {
			isa = PBXGroup;
			children = (
				18A0E0E028C9A8EB002A5A29 /* cities-name-list.json */,
				18A0E0AE28C9A303002A5A29 /* AppDelegate.swift */,
				18A0E0E228C9A93E002A5A29 /* CityTVC.swift */,
				18A0E0B228C9A303002A5A29 /* CitiesListVC.swift */,
				18A0E0DE28C9A49A002A5A29 /* Extension.swift */,
				18A0E0B428C9A303002A5A29 /* Main.storyboard */,
				18A0E0B728C9A304002A5A29 /* Assets.xcassets */,
				18A0E0B928C9A304002A5A29 /* LaunchScreen.storyboard */,
				18A0E0BC28C9A304002A5A29 /* Info.plist */,
			);
			path = UltivicTask;
			sourceTree = "<group>";
		};
		18A0E0C428C9A304002A5A29 /* UltivicTaskTests */ = {
			isa = PBXGroup;
			children = (
				18A0E0C528C9A304002A5A29 /* UltivicTaskTests.swift */,
			);
			path = UltivicTaskTests;
			sourceTree = "<group>";
		};
		18A0E0CE28C9A304002A5A29 /* UltivicTaskUITests */ = {
			isa = PBXGroup;
			children = (
				18A0E0CF28C9A304002A5A29 /* UltivicTaskUITests.swift */,
				18A0E0D128C9A304002A5A29 /* UltivicTaskUITestsLaunchTests.swift */,
			);
			path = UltivicTaskUITests;
			sourceTree = "<group>";
		};
/* End PBXGroup section */

/* Begin PBXNativeTarget section */
		18A0E0AA28C9A303002A5A29 /* UltivicTask */ = {
			isa = PBXNativeTarget;
			buildConfigurationList = 18A0E0D528C9A304002A5A29 /* Build configuration list for PBXNativeTarget "UltivicTask" */;
			buildPhases = (
				18A0E0A728C9A303002A5A29 /* Sources */,
				18A0E0A828C9A303002A5A29 /* Frameworks */,
				18A0E0A928C9A303002A5A29 /* Resources */,
			);
			buildRules = (
			);
			dependencies = (
			);
			name = UltivicTask;
			productName = UltivicTask;
			productReference = 18A0E0AB28C9A303002A5A29 /* UltivicTask.app */;
			productType = "com.apple.product-type.application";
		};
		18A0E0C028C9A304002A5A29 /* UltivicTaskTests */ = {
			isa = PBXNativeTarget;
			buildConfigurationList = 18A0E0D828C9A304002A5A29 /* Build configuration list for PBXNativeTarget "UltivicTaskTests" */;
			buildPhases = (
				18A0E0BD28C9A304002A5A29 /* Sources */,
				18A0E0BE28C9A304002A5A29 /* Frameworks */,
				18A0E0BF28C9A304002A5A29 /* Resources */,
			);
			buildRules = (
			);
			dependencies = (
				18A0E0C328C9A304002A5A29 /* PBXTargetDependency */,
			);
			name = UltivicTaskTests;
			productName = UltivicTaskTests;
			productReference = 18A0E0C128C9A304002A5A29 /* UltivicTaskTests.xctest */;
			productType = "com.apple.product-type.bundle.unit-test";
		};
		18A0E0CA28C9A304002A5A29 /* UltivicTaskUITests */ = {
			isa = PBXNativeTarget;
			buildConfigurationList = 18A0E0DB28C9A304002A5A29 /* Build configuration list for PBXNativeTarget "UltivicTaskUITests" */;
			buildPhases = (
				18A0E0C728C9A304002A5A29 /* Sources */,
				18A0E0C828C9A304002A5A29 /* Frameworks */,
				18A0E0C928C9A304002A5A29 /* Resources */,
			);
			buildRules = (
			);
			dependencies = (
				18A0E0CD28C9A304002A5A29 /* PBXTargetDependency */,
			);
			name = UltivicTaskUITests;
			productName = UltivicTaskUITests;
			productReference = 18A0E0CB28C9A304002A5A29 /* UltivicTaskUITests.xctest */;
			productType = "com.apple.product-type.bundle.ui-testing";
		};
/* End PBXNativeTarget section */

/* Begin PBXProject section */
		18A0E0A328C9A303002A5A29 /* Project object */ = {
			isa = PBXProject;
			attributes = {
				BuildIndependentTargetsInParallel = 1;
				LastSwiftUpdateCheck = 1310;
				LastUpgradeCheck = 1310;
				TargetAttributes = {
					18A0E0AA28C9A303002A5A29 = {
						CreatedOnToolsVersion = 13.1;
					};
					18A0E0C028C9A304002A5A29 = {
						CreatedOnToolsVersion = 13.1;
						TestTargetID = 18A0E0AA28C9A303002A5A29;
					};
					18A0E0CA28C9A304002A5A29 = {
						CreatedOnToolsVersion = 13.1;
						TestTargetID = 18A0E0AA28C9A303002A5A29;
					};
				};
			};
			buildConfigurationList = 18A0E0A628C9A303002A5A29 /* Build configuration list for PBXProject "UltivicTask" */;
			compatibilityVersion = "Xcode 13.0";
			developmentRegion = en;
			hasScannedForEncodings = 0;
			knownRegions = (
				en,
				Base,
			);
			mainGroup = 18A0E0A228C9A303002A5A29;
			productRefGroup = 18A0E0AC28C9A303002A5A29 /* Products */;
			projectDirPath = "";
			projectRoot = "";
			targets = (
				18A0E0AA28C9A303002A5A29 /* UltivicTask */,
				18A0E0C028C9A304002A5A29 /* UltivicTaskTests */,
				18A0E0CA28C9A304002A5A29 /* UltivicTaskUITests */,
			);
		};
/* End PBXProject section */

/* Begin PBXResourcesBuildPhase section */
		18A0E0A928C9A303002A5A29 /* Resources */ = {
			isa = PBXResourcesBuildPhase;
			buildActionMask = 2147483647;
			files = (
				18A0E0BB28C9A304002A5A29 /* LaunchScreen.storyboard in Resources */,
				18A0E0E128C9A8EB002A5A29 /* cities-name-list.json in Resources */,
				18A0E0B828C9A304002A5A29 /* Assets.xcassets in Resources */,
				18A0E0B628C9A303002A5A29 /* Main.storyboard in Resources */,
			);
			runOnlyForDeploymentPostprocessing = 0;
		};
		18A0E0BF28C9A304002A5A29 /* Resources */ = {
			isa = PBXResourcesBuildPhase;
			buildActionMask = 2147483647;
			files = (
			);
			runOnlyForDeploymentPostprocessing = 0;
		};
		18A0E0C928C9A304002A5A29 /* Resources */ = {
			isa = PBXResourcesBuildPhase;
			buildActionMask = 2147483647;
			files = (
			);
			runOnlyForDeploymentPostprocessing = 0;
		};
/* End PBXResourcesBuildPhase section */

/* Begin PBXSourcesBuildPhase section */
		18A0E0A728C9A303002A5A29 /* Sources */ = {
			isa = PBXSourcesBuildPhase;
			buildActionMask = 2147483647;
			files = (
				18A0E0DF28C9A49A002A5A29 /* Extension.swift in Sources */,
				18A0E0B328C9A303002A5A29 /* CitiesListVC.swift in Sources */,
				18A0E0E328C9A93E002A5A29 /* CityTVC.swift in Sources */,
				18A0E0AF28C9A303002A5A29 /* AppDelegate.swift in Sources */,
			);
			runOnlyForDeploymentPostprocessing = 0;
		};
		18A0E0BD28C9A304002A5A29 /* Sources */ = {
			isa = PBXSourcesBuildPhase;
			buildActionMask = 2147483647;
			files = (
				18A0E0C628C9A304002A5A29 /* UltivicTaskTests.swift in Sources */,
			);
			runOnlyForDeploymentPostprocessing = 0;
		};
		18A0E0C728C9A304002A5A29 /* Sources */ = {
			isa = PBXSourcesBuildPhase;
			buildActionMask = 2147483647;
			files = (
				18A0E0D228C9A304002A5A29 /* UltivicTaskUITestsLaunchTests.swift in Sources */,
				18A0E0D028C9A304002A5A29 /* UltivicTaskUITests.swift in Sources */,
			);
			runOnlyForDeploymentPostprocessing = 0;
		};
/* End PBXSourcesBuildPhase section */

/* Begin PBXTargetDependency section */
		18A0E0C328C9A304002A5A29 /* PBXTargetDependency */ = {
			isa = PBXTargetDependency;
			target = 18A0E0AA28C9A303002A5A29 /* UltivicTask */;
			targetProxy = 18A0E0C228C9A304002A5A29 /* PBXContainerItemProxy */;
		};
		18A0E0CD28C9A304002A5A29 /* PBXTargetDependency */ = {
			isa = PBXTargetDependency;
			target = 18A0E0AA28C9A303002A5A29 /* UltivicTask */;
			targetProxy = 18A0E0CC28C9A304002A5A29 /* PBXContainerItemProxy */;
		};
/* End PBXTargetDependency section */

/* Begin PBXVariantGroup section */
		18A0E0B428C9A303002A5A29 /* Main.storyboard */ = {
			isa = PBXVariantGroup;
			children = (
				18A0E0B528C9A303002A5A29 /* Base */,
			);
			name = Main.storyboard;
			sourceTree = "<group>";
		};
		18A0E0B928C9A304002A5A29 /* LaunchScreen.storyboard */ = {
			isa = PBXVariantGroup;
			children = (
				18A0E0BA28C9A304002A5A29 /* Base */,
			);
			name = LaunchScreen.storyboard;
			sourceTree = "<group>";
		};
/* End PBXVariantGroup section */

/* Begin XCBuildConfiguration section */
		18A0E0D328C9A304002A5A29 /* Debug */ = {
			isa = XCBuildConfiguration;
			buildSettings = {
				ALWAYS_SEARCH_USER_PATHS = NO;
				CLANG_ANALYZER_NONNULL = YES;
				CLANG_ANALYZER_NUMBER_OBJECT_CONVERSION = YES_AGGRESSIVE;
				CLANG_CXX_LANGUAGE_STANDARD = "gnu++17";
				CLANG_CXX_LIBRARY = "libc++";
				CLANG_ENABLE_MODULES = YES;
				CLANG_ENABLE_OBJC_ARC = YES;
				CLANG_ENABLE_OBJC_WEAK = YES;
				CLANG_WARN_BLOCK_CAPTURE_AUTORELEASING = YES;
				CLANG_WARN_BOOL_CONVERSION = YES;
				CLANG_WARN_COMMA = YES;
				CLANG_WARN_CONSTANT_CONVERSION = YES;
				CLANG_WARN_DEPRECATED_OBJC_IMPLEMENTATIONS = YES;
				CLANG_WARN_DIRECT_OBJC_ISA_USAGE = YES_ERROR;
				CLANG_WARN_DOCUMENTATION_COMMENTS = YES;
				CLANG_WARN_EMPTY_BODY = YES;
				CLANG_WARN_ENUM_CONVERSION = YES;
				CLANG_WARN_INFINITE_RECURSION = YES;
				CLANG_WARN_INT_CONVERSION = YES;
				CLANG_WARN_NON_LITERAL_NULL_CONVERSION = YES;
				CLANG_WARN_OBJC_IMPLICIT_RETAIN_SELF = YES;
				CLANG_WARN_OBJC_LITERAL_CONVERSION = YES;
				CLANG_WARN_OBJC_ROOT_CLASS = YES_ERROR;
				CLANG_WARN_QUOTED_INCLUDE_IN_FRAMEWORK_HEADER = YES;
				CLANG_WARN_RANGE_LOOP_ANALYSIS = YES;
				CLANG_WARN_STRICT_PROTOTYPES = YES;
				CLANG_WARN_SUSPICIOUS_MOVE = YES;
				CLANG_WARN_UNGUARDED_AVAILABILITY = YES_AGGRESSIVE;
				CLANG_WARN_UNREACHABLE_CODE = YES;
				CLANG_WARN__DUPLICATE_METHOD_MATCH = YES;
				COPY_PHASE_STRIP = NO;
				DEBUG_INFORMATION_FORMAT = dwarf;
				ENABLE_STRICT_OBJC_MSGSEND = YES;
				ENABLE_TESTABILITY = YES;
				GCC_C_LANGUAGE_STANDARD = gnu11;
				GCC_DYNAMIC_NO_PIC = NO;
				GCC_NO_COMMON_BLOCKS = YES;
				GCC_OPTIMIZATION_LEVEL = 0;
				GCC_PREPROCESSOR_DEFINITIONS = (
					"DEBUG=1",
					"$(inherited)",
				);
				GCC_WARN_64_TO_32_BIT_CONVERSION = YES;
				GCC_WARN_ABOUT_RETURN_TYPE = YES_ERROR;
				GCC_WARN_UNDECLARED_SELECTOR = YES;
				GCC_WARN_UNINITIALIZED_AUTOS = YES_AGGRESSIVE;
				GCC_WARN_UNUSED_FUNCTION = YES;
				GCC_WARN_UNUSED_VARIABLE = YES;
				IPHONEOS_DEPLOYMENT_TARGET = 15.0;
				MTL_ENABLE_DEBUG_INFO = INCLUDE_SOURCE;
				MTL_FAST_MATH = YES;
				ONLY_ACTIVE_ARCH = YES;
				SDKROOT = iphoneos;
				SWIFT_ACTIVE_COMPILATION_CONDITIONS = DEBUG;
				SWIFT_OPTIMIZATION_LEVEL = "-Onone";
			};
			name = Debug;
		};
		18A0E0D428C9A304002A5A29 /* Release */ = {
			isa = XCBuildConfiguration;
			buildSettings = {
				ALWAYS_SEARCH_USER_PATHS = NO;
				CLANG_ANALYZER_NONNULL = YES;
				CLANG_ANALYZER_NUMBER_OBJECT_CONVERSION = YES_AGGRESSIVE;
				CLANG_CXX_LANGUAGE_STANDARD = "gnu++17";
				CLANG_CXX_LIBRARY = "libc++";
				CLANG_ENABLE_MODULES = YES;
				CLANG_ENABLE_OBJC_ARC = YES;
				CLANG_ENABLE_OBJC_WEAK = YES;
				CLANG_WARN_BLOCK_CAPTURE_AUTORELEASING = YES;
				CLANG_WARN_BOOL_CONVERSION = YES;
				CLANG_WARN_COMMA = YES;
				CLANG_WARN_CONSTANT_CONVERSION = YES;
				CLANG_WARN_DEPRECATED_OBJC_IMPLEMENTATIONS = YES;
				CLANG_WARN_DIRECT_OBJC_ISA_USAGE = YES_ERROR;
				CLANG_WARN_DOCUMENTATION_COMMENTS = YES;
				CLANG_WARN_EMPTY_BODY = YES;
				CLANG_WARN_ENUM_CONVERSION = YES;
				CLANG_WARN_INFINITE_RECURSION = YES;
				CLANG_WARN_INT_CONVERSION = YES;
				CLANG_WARN_NON_LITERAL_NULL_CONVERSION = YES;
				CLANG_WARN_OBJC_IMPLICIT_RETAIN_SELF = YES;
				CLANG_WARN_OBJC_LITERAL_CONVERSION = YES;
				CLANG_WARN_OBJC_ROOT_CLASS = YES_ERROR;
				CLANG_WARN_QUOTED_INCLUDE_IN_FRAMEWORK_HEADER = YES;
				CLANG_WARN_RANGE_LOOP_ANALYSIS = YES;
				CLANG_WARN_STRICT_PROTOTYPES = YES;
				CLANG_WARN_SUSPICIOUS_MOVE = YES;
				CLANG_WARN_UNGUARDED_AVAILABILITY = YES_AGGRESSIVE;
				CLANG_WARN_UNREACHABLE_CODE = YES;
				CLANG_WARN__DUPLICATE_METHOD_MATCH = YES;
				COPY_PHASE_STRIP = NO;
				DEBUG_INFORMATION_FORMAT = "dwarf-with-dsym";
				ENABLE_NS_ASSERTIONS = NO;
				ENABLE_STRICT_OBJC_MSGSEND = YES;
				GCC_C_LANGUAGE_STANDARD = gnu11;
				GCC_NO_COMMON_BLOCKS = YES;
				GCC_WARN_64_TO_32_BIT_CONVERSION = YES;
				GCC_WARN_ABOUT_RETURN_TYPE = YES_ERROR;
				GCC_WARN_UNDECLARED_SELECTOR = YES;
				GCC_WARN_UNINITIALIZED_AUTOS = YES_AGGRESSIVE;
				GCC_WARN_UNUSED_FUNCTION = YES;
				GCC_WARN_UNUSED_VARIABLE = YES;
				IPHONEOS_DEPLOYMENT_TARGET = 15.0;
				MTL_ENABLE_DEBUG_INFO = NO;
				MTL_FAST_MATH = YES;
				SDKROOT = iphoneos;
				SWIFT_COMPILATION_MODE = wholemodule;
				SWIFT_OPTIMIZATION_LEVEL = "-O";
				VALIDATE_PRODUCT = YES;
			};
			name = Release;
		};
		18A0E0D628C9A304002A5A29 /* Debug */ = {
			isa = XCBuildConfiguration;
			buildSettings = {
				ASSETCATALOG_COMPILER_APPICON_NAME = AppIcon;
				ASSETCATALOG_COMPILER_GLOBAL_ACCENT_COLOR_NAME = AccentColor;
				CODE_SIGN_STYLE = Automatic;
				CURRENT_PROJECT_VERSION = 1;
				DEVELOPMENT_TEAM = RF52ULL83G;
				GENERATE_INFOPLIST_FILE = YES;
				INFOPLIST_FILE = UltivicTask/Info.plist;
				INFOPLIST_KEY_UIApplicationSupportsIndirectInputEvents = YES;
				INFOPLIST_KEY_UILaunchStoryboardName = LaunchScreen;
				INFOPLIST_KEY_UIMainStoryboardFile = Main;
				INFOPLIST_KEY_UISupportedInterfaceOrientations = UIInterfaceOrientationPortrait;
				INFOPLIST_KEY_UISupportedInterfaceOrientations_iPad = "UIInterfaceOrientationPortrait UIInterfaceOrientationPortraitUpsideDown UIInterfaceOrientationLandscapeLeft UIInterfaceOrientationLandscapeRight";
				INFOPLIST_KEY_UISupportedInterfaceOrientations_iPhone = "UIInterfaceOrientationPortrait UIInterfaceOrientationLandscapeLeft UIInterfaceOrientationLandscapeRight";
				IPHONEOS_DEPLOYMENT_TARGET = 11.0;
				LD_RUNPATH_SEARCH_PATHS = (
					"$(inherited)",
					"@executable_path/Frameworks",
				);
				MARKETING_VERSION = 1.0;
				PRODUCT_BUNDLE_IDENTIFIER = "com.app.stop-watch.UltivicTask";
				PRODUCT_NAME = "$(TARGET_NAME)";
				SWIFT_EMIT_LOC_STRINGS = YES;
				SWIFT_VERSION = 5.0;
				TARGETED_DEVICE_FAMILY = 1;
			};
			name = Debug;
		};
		18A0E0D728C9A304002A5A29 /* Release */ = {
			isa = XCBuildConfiguration;
			buildSettings = {
				ASSETCATALOG_COMPILER_APPICON_NAME = AppIcon;
				ASSETCATALOG_COMPILER_GLOBAL_ACCENT_COLOR_NAME = AccentColor;
				CODE_SIGN_STYLE = Automatic;
				CURRENT_PROJECT_VERSION = 1;
				DEVELOPMENT_TEAM = RF52ULL83G;
				GENERATE_INFOPLIST_FILE = YES;
				INFOPLIST_FILE = UltivicTask/Info.plist;
				INFOPLIST_KEY_UIApplicationSupportsIndirectInputEvents = YES;
				INFOPLIST_KEY_UILaunchStoryboardName = LaunchScreen;
				INFOPLIST_KEY_UIMainStoryboardFile = Main;
				INFOPLIST_KEY_UISupportedInterfaceOrientations = UIInterfaceOrientationPortrait;
				INFOPLIST_KEY_UISupportedInterfaceOrientations_iPad = "UIInterfaceOrientationPortrait UIInterfaceOrientationPortraitUpsideDown UIInterfaceOrientationLandscapeLeft UIInterfaceOrientationLandscapeRight";
				INFOPLIST_KEY_UISupportedInterfaceOrientations_iPhone = "UIInterfaceOrientationPortrait UIInterfaceOrientationLandscapeLeft UIInterfaceOrientationLandscapeRight";
				IPHONEOS_DEPLOYMENT_TARGET = 11.0;
				LD_RUNPATH_SEARCH_PATHS = (
					"$(inherited)",
					"@executable_path/Frameworks",
				);
				MARKETING_VERSION = 1.0;
				PRODUCT_BUNDLE_IDENTIFIER = "com.app.stop-watch.UltivicTask";
				PRODUCT_NAME = "$(TARGET_NAME)";
				SWIFT_EMIT_LOC_STRINGS = YES;
				SWIFT_VERSION = 5.0;
				TARGETED_DEVICE_FAMILY = 1;
			};
			name = Release;
		};
		18A0E0D928C9A304002A5A29 /* Debug */ = {
			isa = XCBuildConfiguration;
			buildSettings = {
				ALWAYS_EMBED_SWIFT_STANDARD_LIBRARIES = YES;
				BUNDLE_LOADER = "$(TEST_HOST)";
				CODE_SIGN_STYLE = Automatic;
				CURRENT_PROJECT_VERSION = 1;
				DEVELOPMENT_TEAM = RF52ULL83G;
				GENERATE_INFOPLIST_FILE = YES;
				IPHONEOS_DEPLOYMENT_TARGET = 15.0;
				LD_RUNPATH_SEARCH_PATHS = (
					"$(inherited)",
					"@executable_path/Frameworks",
					"@loader_path/Frameworks",
				);
				MARKETING_VERSION = 1.0;
				PRODUCT_BUNDLE_IDENTIFIER = "com.app.stop-watch.UltivicTaskTests";
				PRODUCT_NAME = "$(TARGET_NAME)";
				SWIFT_EMIT_LOC_STRINGS = NO;
				SWIFT_VERSION = 5.0;
				TARGETED_DEVICE_FAMILY = "1,2";
				TEST_HOST = "$(BUILT_PRODUCTS_DIR)/UltivicTask.app/UltivicTask";
			};
			name = Debug;
		};
		18A0E0DA28C9A304002A5A29 /* Release */ = {
			isa = XCBuildConfiguration;
			buildSettings = {
				ALWAYS_EMBED_SWIFT_STANDARD_LIBRARIES = YES;
				BUNDLE_LOADER = "$(TEST_HOST)";
				CODE_SIGN_STYLE = Automatic;
				CURRENT_PROJECT_VERSION = 1;
				DEVELOPMENT_TEAM = RF52ULL83G;
				GENERATE_INFOPLIST_FILE = YES;
				IPHONEOS_DEPLOYMENT_TARGET = 15.0;
				LD_RUNPATH_SEARCH_PATHS = (
					"$(inherited)",
					"@executable_path/Frameworks",
					"@loader_path/Frameworks",
				);
				MARKETING_VERSION = 1.0;
				PRODUCT_BUNDLE_IDENTIFIER = "com.app.stop-watch.UltivicTaskTests";
				PRODUCT_NAME = "$(TARGET_NAME)";
				SWIFT_EMIT_LOC_STRINGS = NO;
				SWIFT_VERSION = 5.0;
				TARGETED_DEVICE_FAMILY = "1,2";
				TEST_HOST = "$(BUILT_PRODUCTS_DIR)/UltivicTask.app/UltivicTask";
			};
			name = Release;
		};
		18A0E0DC28C9A304002A5A29 /* Debug */ = {
			isa = XCBuildConfiguration;
			buildSettings = {
				ALWAYS_EMBED_SWIFT_STANDARD_LIBRARIES = YES;
				CODE_SIGN_STYLE = Automatic;
				CURRENT_PROJECT_VERSION = 1;
				DEVELOPMENT_TEAM = RF52ULL83G;
				GENERATE_INFOPLIST_FILE = YES;
				LD_RUNPATH_SEARCH_PATHS = (
					"$(inherited)",
					"@executable_path/Frameworks",
					"@loader_path/Frameworks",
				);
				MARKETING_VERSION = 1.0;
				PRODUCT_BUNDLE_IDENTIFIER = "com.app.stop-watch.UltivicTaskUITests";
				PRODUCT_NAME = "$(TARGET_NAME)";
				SWIFT_EMIT_LOC_STRINGS = NO;
				SWIFT_VERSION = 5.0;
				TARGETED_DEVICE_FAMILY = "1,2";
				TEST_TARGET_NAME = UltivicTask;
			};
			name = Debug;
		};
		18A0E0DD28C9A304002A5A29 /* Release */ = {
			isa = XCBuildConfiguration;
			buildSettings = {
				ALWAYS_EMBED_SWIFT_STANDARD_LIBRARIES = YES;
				CODE_SIGN_STYLE = Automatic;
				CURRENT_PROJECT_VERSION = 1;
				DEVELOPMENT_TEAM = RF52ULL83G;
				GENERATE_INFOPLIST_FILE = YES;
				LD_RUNPATH_SEARCH_PATHS = (
					"$(inherited)",
					"@executable_path/Frameworks",
					"@loader_path/Frameworks",
				);
				MARKETING_VERSION = 1.0;
				PRODUCT_BUNDLE_IDENTIFIER = "com.app.stop-watch.UltivicTaskUITests";
				PRODUCT_NAME = "$(TARGET_NAME)";
				SWIFT_EMIT_LOC_STRINGS = NO;
				SWIFT_VERSION = 5.0;
				TARGETED_DEVICE_FAMILY = "1,2";
				TEST_TARGET_NAME = UltivicTask;
			};
			name = Release;
		};
/* End XCBuildConfiguration section */

/* Begin XCConfigurationList section */
		18A0E0A628C9A303002A5A29 /* Build configuration list for PBXProject "UltivicTask" */ = {
			isa = XCConfigurationList;
			buildConfigurations = (
				18A0E0D328C9A304002A5A29 /* Debug */,
				18A0E0D428C9A304002A5A29 /* Release */,
			);
			defaultConfigurationIsVisible = 0;
			defaultConfigurationName = Release;
		};
		18A0E0D528C9A304002A5A29 /* Build configuration list for PBXNativeTarget "UltivicTask" */ = {
			isa = XCConfigurationList;
			buildConfigurations = (
				18A0E0D628C9A304002A5A29 /* Debug */,
				18A0E0D728C9A304002A5A29 /* Release */,
			);
			defaultConfigurationIsVisible = 0;
			defaultConfigurationName = Release;
		};
		18A0E0D828C9A304002A5A29 /* Build configuration list for PBXNativeTarget "UltivicTaskTests" */ = {
			isa = XCConfigurationList;
			buildConfigurations = (
				18A0E0D928C9A304002A5A29 /* Debug */,
				18A0E0DA28C9A304002A5A29 /* Release */,
			);
			defaultConfigurationIsVisible = 0;
			defaultConfigurationName = Release;
		};
		18A0E0DB28C9A304002A5A29 /* Build configuration list for PBXNativeTarget "UltivicTaskUITests" */ = {
			isa = XCConfigurationList;
			buildConfigurations = (
				18A0E0DC28C9A304002A5A29 /* Debug */,
				18A0E0DD28C9A304002A5A29 /* Release */,
			);
			defaultConfigurationIsVisible = 0;
			defaultConfigurationName = Release;
		};
/* End XCConfigurationList section */
	};
	rootObject = 18A0E0A328C9A303002A5A29 /* Project object */;
}
